
Microsoft Visual Studio Solution File, Format Version 12.00
# Visual Studio Version 17
VisualStudioVersion = 17.5.002.0
MinimumVisualStudioVersion = 10.0.40219.1
Project("{9A19103F-16F7-4668-BE54-9A1E7A4F7556}") = "MagicVilla_VillaAPI", "MagicVilla_VillaAPI.csproj", "{AD60A212-8048-44C5-84D3-E2D9AEF72491}"
EndProject
Global
	GlobalSection(SolutionConfigurationPlatforms) = preSolution
		Debug|Any CPU = Debug|Any CPU
		Release|Any CPU = Release|Any CPU
	EndGlobalSection
	GlobalSection(ProjectConfigurationPlatforms) = postSolution
		{AD60A212-8048-44C5-84D3-E2D9AEF72491}.Debug|Any CPU.ActiveCfg = Debug|Any CPU
		{AD60A212-8048-44C5-84D3-E2D9AEF72491}.Debug|Any CPU.Build.0 = Debug|Any CPU
		{AD60A212-8048-44C5-84D3-E2D9AEF72491}.Release|Any CPU.ActiveCfg = Release|Any CPU
		{AD60A212-8048-44C5-84D3-E2D9AEF72491}.Release|Any CPU.Build.0 = Release|Any CPU
	EndGlobalSection
	GlobalSection(SolutionProperties) = preSolution
		HideSolutionNode = FALSE
	EndGlobalSection
	GlobalSection(ExtensibilityGlobals) = postSolution
		SolutionGuid = {B3819CDF-5645-48FD-B738-7D253C22878E}
	EndGlobalSection
EndGlobal
